
Microsoft Visual Studio Solution File, Format Version 12.00
# Visual Studio Version 17
VisualStudioVersion = 17.3.32922.545
MinimumVisualStudioVersion = 10.0.40219.1
Project("{FAE04EC0-301F-11D3-BF4B-00C04F79EFBC}") = "FirstProject", "FirstProject.csproj", "{0DF173D6-08C0-435E-A852-12797B4619C8}"
EndProject
Global
	GlobalSection(SolutionConfigurationPlatforms) = preSolution
		Debug|Any CPU = Debug|Any CPU
		Release|Any CPU = Release|Any CPU
	EndGlobalSection
	GlobalSection(ProjectConfigurationPlatforms) = postSolution
		{0DF173D6-08C0-435E-A852-12797B4619C8}.Debug|Any CPU.ActiveCfg = Debug|Any CPU
		{0DF173D6-08C0-435E-A852-12797B4619C8}.Debug|Any CPU.Build.0 = Debug|Any CPU
		{0DF173D6-08C0-435E-A852-12797B4619C8}.Release|Any CPU.ActiveCfg = Release|Any CPU
		{0DF173D6-08C0-435E-A852-12797B4619C8}.Release|Any CPU.Build.0 = Release|Any CPU
	EndGlobalSection
	GlobalSection(SolutionProperties) = preSolution
		HideSolutionNode = FALSE
	EndGlobalSection
	GlobalSection(ExtensibilityGlobals) = postSolution
		SolutionGuid = {A03079F3-2AA9-4ED5-A253-4199F56F0BE0}
	EndGlobalSection
EndGlobal
